
Microsoft Visual Studio Solution File, Format Version 12.00
Project("{2150E333-8FDC-42A3-9474-1A3956D46DE8}") = "Items", "Items", "{712026A7-B909-4F86-A635-8200FD1D8643}"
	ProjectSection(SolutionItems) = preProject
		..\README.md = ..\README.md
	EndProjectSection
EndProject
Project("{2150E333-8FDC-42A3-9474-1A3956D46DE8}") = "Order", "Order", "{F59F11DD-FD91-4F61-B195-8256B8F69329}"
EndProject
Project("{2150E333-8FDC-42A3-9474-1A3956D46DE8}") = "Store", "Store", "{C364D94C-D7F3-4C2A-898A-656F05F30C05}"
EndProject
Project("{2150E333-8FDC-42A3-9474-1A3956D46DE8}") = "Customer", "Customer", "{A70DBA30-3145-4BBA-BBDF-1EEDF0AF50C6}"
EndProject
Project("{2150E333-8FDC-42A3-9474-1A3956D46DE8}") = "Modules", "Modules", "{4270E4E2-17CD-4635-8AF4-5E9DAC78816F}"
EndProject
Project("{FAE04EC0-301F-11D3-BF4B-00C04F79EFBC}") = "AUSG.Eats.Customer.Domain", "AUSG.Eats.Customer.Domain\AUSG.Eats.Customer.Domain.csproj", "{76E71AC3-64B7-4EA4-8A54-B5D7D4151A24}"
EndProject
Project("{FAE04EC0-301F-11D3-BF4B-00C04F79EFBC}") = "AUSG.Eats.Customer.Infrastructure", "AUSG.Eats.Customer.Infrastructure\AUSG.Eats.Customer.Infrastructure.csproj", "{0C25A1AE-899C-4B53-846B-745A519210FA}"
EndProject
Project("{FAE04EC0-301F-11D3-BF4B-00C04F79EFBC}") = "AUSG.Eats.Customer.Test", "AUSG.Eats.Customer.Test\AUSG.Eats.Customer.Test.csproj", "{466E301D-1EB7-466E-B369-0D449261BE34}"
EndProject
Project("{2150E333-8FDC-42A3-9474-1A3956D46DE8}") = "Common", "Common", "{DCF979F5-C571-45A9-AF92-7933E5114B05}"
EndProject
Project("{FAE04EC0-301F-11D3-BF4B-00C04F79EFBC}") = "AUSG.Eats.Common.Domain", "AUSG.Eats.Common.Domain\AUSG.Eats.Common.Domain.csproj", "{B3590122-817C-4600-93F2-1E376D26104D}"
EndProject
Project("{FAE04EC0-301F-11D3-BF4B-00C04F79EFBC}") = "AUSG.Eats.Common.Infrastructure", "AUSG.Eats.Common.Infrastructure\AUSG.Eats.Common.Infrastructure.csproj", "{D0CC8F18-BA48-4E7B-A3B0-F57FA4B60076}"
EndProject
Project("{FAE04EC0-301F-11D3-BF4B-00C04F79EFBC}") = "AUSG.Eats.Common", "AUSG.Eats.Common\AUSG.Eats.Common.csproj", "{1E3AA3CF-ABEA-4060-91ED-A653E05E74C9}"
EndProject
Project("{FAE04EC0-301F-11D3-BF4B-00C04F79EFBC}") = "AUSG.Eats.Order.Domain", "AUSG.Eats.Order.Domain\AUSG.Eats.Order.Domain.csproj", "{CE96E1C7-8446-4268-A0F4-401AE0F219AB}"
EndProject
Project("{FAE04EC0-301F-11D3-BF4B-00C04F79EFBC}") = "AUSG.Eats.Order.Infrastructure", "AUSG.Eats.Order.Infrastructure\AUSG.Eats.Order.Infrastructure.csproj", "{EB6EA319-F5A7-4D57-8A61-A56572180C37}"
EndProject
Project("{FAE04EC0-301F-11D3-BF4B-00C04F79EFBC}") = "AUSG.Eats.Order.Test", "AUSG.Eats.Order.Test\AUSG.Eats.Order.Test.csproj", "{E3B16081-AADA-40CD-A5AF-5B190CD46494}"
EndProject
Project("{FAE04EC0-301F-11D3-BF4B-00C04F79EFBC}") = "AUSG.Eats.Customer.Application", "AUSG.Eats.Customer.Application\AUSG.Eats.Customer.Application.csproj", "{BB887ACE-B4C6-4A32-8674-95917C21196C}"
EndProject
Project("{FAE04EC0-301F-11D3-BF4B-00C04F79EFBC}") = "AUSG.Eats.Order.Application", "AUSG.Eats.Order.Application\AUSG.Eats.Order.Application.csproj", "{8A2A6A00-BB3A-4E90-82C0-F97DE4C03FE5}"
EndProject
Project("{FAE04EC0-301F-11D3-BF4B-00C04F79EFBC}") = "AUSG.Eats.Store.Application", "AUSG.Eats.Store.Application\AUSG.Eats.Store.Application.csproj", "{A2552DCC-8BEE-47BA-8606-EE5F2435F942}"
EndProject
Project("{FAE04EC0-301F-11D3-BF4B-00C04F79EFBC}") = "AUSG.Eats.Store.Domain", "AUSG.Eats.Store.Domain\AUSG.Eats.Store.Domain.csproj", "{BEC00C35-5DDE-4436-B075-8B0DBB30A3A0}"
EndProject
Project("{FAE04EC0-301F-11D3-BF4B-00C04F79EFBC}") = "AUSG.Eats.Store.Infrastructure", "AUSG.Eats.Store.Infrastructure\AUSG.Eats.Store.Infrastructure.csproj", "{B8372C19-4CA4-43C9-B21C-E2AC8A219BBA}"
EndProject
Project("{FAE04EC0-301F-11D3-BF4B-00C04F79EFBC}") = "AUSG.Eats.Store.Test", "AUSG.Eats.Store.Test\AUSG.Eats.Store.Test.csproj", "{CC6C1892-EB6B-4264-A123-BF7C34F03AFD}"
EndProject
Project("{FAE04EC0-301F-11D3-BF4B-00C04F79EFBC}") = "AUSG.Eats.Common.Test", "AUSG.Eats.Common.Test\AUSG.Eats.Common.Test.csproj", "{93B057E1-A3EE-4B0C-9497-E9C2E5839DDE}"
EndProject
Project("{FAE04EC0-301F-11D3-BF4B-00C04F79EFBC}") = "AUSG.Eats.Presentation", "AUSG.Eats.Presentation\AUSG.Eats.Presentation.csproj", "{ABB5EDA8-3ED3-4B22-953B-82B46544864E}"
EndProject
Project("{FAE04EC0-301F-11D3-BF4B-00C04F79EFBC}") = "AUSG.Eats.Presentation.Test", "AUSG.Eats.Presentation.Test\AUSG.Eats.Presentation.Test.csproj", "{4C8B3C5A-6753-4887-A6A4-06BC25C42119}"
EndProject
Project("{2150E333-8FDC-42A3-9474-1A3956D46DE8}") = "Props", "Props", "{DB5FCF7D-8667-4828-B84A-D494809F259C}"
	ProjectSection(SolutionItems) = preProject
		props\AUSG.Eats.Test.props = props\AUSG.Eats.Test.props
	EndProjectSection
EndProject
Global
	GlobalSection(SolutionConfigurationPlatforms) = preSolution
		Debug|Any CPU = Debug|Any CPU
		Release|Any CPU = Release|Any CPU
	EndGlobalSection
	GlobalSection(NestedProjects) = preSolution
		{A70DBA30-3145-4BBA-BBDF-1EEDF0AF50C6} = {4270E4E2-17CD-4635-8AF4-5E9DAC78816F}
		{F59F11DD-FD91-4F61-B195-8256B8F69329} = {4270E4E2-17CD-4635-8AF4-5E9DAC78816F}
		{C364D94C-D7F3-4C2A-898A-656F05F30C05} = {4270E4E2-17CD-4635-8AF4-5E9DAC78816F}
		{76E71AC3-64B7-4EA4-8A54-B5D7D4151A24} = {A70DBA30-3145-4BBA-BBDF-1EEDF0AF50C6}
		{0C25A1AE-899C-4B53-846B-745A519210FA} = {A70DBA30-3145-4BBA-BBDF-1EEDF0AF50C6}
		{466E301D-1EB7-466E-B369-0D449261BE34} = {A70DBA30-3145-4BBA-BBDF-1EEDF0AF50C6}
		{DCF979F5-C571-45A9-AF92-7933E5114B05} = {4270E4E2-17CD-4635-8AF4-5E9DAC78816F}
		{B3590122-817C-4600-93F2-1E376D26104D} = {DCF979F5-C571-45A9-AF92-7933E5114B05}
		{D0CC8F18-BA48-4E7B-A3B0-F57FA4B60076} = {DCF979F5-C571-45A9-AF92-7933E5114B05}
		{1E3AA3CF-ABEA-4060-91ED-A653E05E74C9} = {DCF979F5-C571-45A9-AF92-7933E5114B05}
		{CE96E1C7-8446-4268-A0F4-401AE0F219AB} = {F59F11DD-FD91-4F61-B195-8256B8F69329}
		{EB6EA319-F5A7-4D57-8A61-A56572180C37} = {F59F11DD-FD91-4F61-B195-8256B8F69329}
		{E3B16081-AADA-40CD-A5AF-5B190CD46494} = {F59F11DD-FD91-4F61-B195-8256B8F69329}
		{BB887ACE-B4C6-4A32-8674-95917C21196C} = {A70DBA30-3145-4BBA-BBDF-1EEDF0AF50C6}
		{8A2A6A00-BB3A-4E90-82C0-F97DE4C03FE5} = {F59F11DD-FD91-4F61-B195-8256B8F69329}
		{A2552DCC-8BEE-47BA-8606-EE5F2435F942} = {C364D94C-D7F3-4C2A-898A-656F05F30C05}
		{BEC00C35-5DDE-4436-B075-8B0DBB30A3A0} = {C364D94C-D7F3-4C2A-898A-656F05F30C05}
		{B8372C19-4CA4-43C9-B21C-E2AC8A219BBA} = {C364D94C-D7F3-4C2A-898A-656F05F30C05}
		{CC6C1892-EB6B-4264-A123-BF7C34F03AFD} = {C364D94C-D7F3-4C2A-898A-656F05F30C05}
		{93B057E1-A3EE-4B0C-9497-E9C2E5839DDE} = {DCF979F5-C571-45A9-AF92-7933E5114B05}
	EndGlobalSection
	GlobalSection(ProjectConfigurationPlatforms) = postSolution
		{76E71AC3-64B7-4EA4-8A54-B5D7D4151A24}.Debug|Any CPU.ActiveCfg = Debug|Any CPU
		{76E71AC3-64B7-4EA4-8A54-B5D7D4151A24}.Debug|Any CPU.Build.0 = Debug|Any CPU
		{76E71AC3-64B7-4EA4-8A54-B5D7D4151A24}.Release|Any CPU.ActiveCfg = Release|Any CPU
		{76E71AC3-64B7-4EA4-8A54-B5D7D4151A24}.Release|Any CPU.Build.0 = Release|Any CPU
		{0C25A1AE-899C-4B53-846B-745A519210FA}.Debug|Any CPU.ActiveCfg = Debug|Any CPU
		{0C25A1AE-899C-4B53-846B-745A519210FA}.Debug|Any CPU.Build.0 = Debug|Any CPU
		{0C25A1AE-899C-4B53-846B-745A519210FA}.Release|Any CPU.ActiveCfg = Release|Any CPU
		{0C25A1AE-899C-4B53-846B-745A519210FA}.Release|Any CPU.Build.0 = Release|Any CPU
		{466E301D-1EB7-466E-B369-0D449261BE34}.Debug|Any CPU.ActiveCfg = Debug|Any CPU
		{466E301D-1EB7-466E-B369-0D449261BE34}.Debug|Any CPU.Build.0 = Debug|Any CPU
		{466E301D-1EB7-466E-B369-0D449261BE34}.Release|Any CPU.ActiveCfg = Release|Any CPU
		{466E301D-1EB7-466E-B369-0D449261BE34}.Release|Any CPU.Build.0 = Release|Any CPU
		{B3590122-817C-4600-93F2-1E376D26104D}.Debug|Any CPU.ActiveCfg = Debug|Any CPU
		{B3590122-817C-4600-93F2-1E376D26104D}.Debug|Any CPU.Build.0 = Debug|Any CPU
		{B3590122-817C-4600-93F2-1E376D26104D}.Release|Any CPU.ActiveCfg = Release|Any CPU
		{B3590122-817C-4600-93F2-1E376D26104D}.Release|Any CPU.Build.0 = Release|Any CPU
		{D0CC8F18-BA48-4E7B-A3B0-F57FA4B60076}.Debug|Any CPU.ActiveCfg = Debug|Any CPU
		{D0CC8F18-BA48-4E7B-A3B0-F57FA4B60076}.Debug|Any CPU.Build.0 = Debug|Any CPU
		{D0CC8F18-BA48-4E7B-A3B0-F57FA4B60076}.Release|Any CPU.ActiveCfg = Release|Any CPU
		{D0CC8F18-BA48-4E7B-A3B0-F57FA4B60076}.Release|Any CPU.Build.0 = Release|Any CPU
		{1E3AA3CF-ABEA-4060-91ED-A653E05E74C9}.Debug|Any CPU.ActiveCfg = Debug|Any CPU
		{1E3AA3CF-ABEA-4060-91ED-A653E05E74C9}.Debug|Any CPU.Build.0 = Debug|Any CPU
		{1E3AA3CF-ABEA-4060-91ED-A653E05E74C9}.Release|Any CPU.ActiveCfg = Release|Any CPU
		{1E3AA3CF-ABEA-4060-91ED-A653E05E74C9}.Release|Any CPU.Build.0 = Release|Any CPU
		{CE96E1C7-8446-4268-A0F4-401AE0F219AB}.Debug|Any CPU.ActiveCfg = Debug|Any CPU
		{CE96E1C7-8446-4268-A0F4-401AE0F219AB}.Debug|Any CPU.Build.0 = Debug|Any CPU
		{CE96E1C7-8446-4268-A0F4-401AE0F219AB}.Release|Any CPU.ActiveCfg = Release|Any CPU
		{CE96E1C7-8446-4268-A0F4-401AE0F219AB}.Release|Any CPU.Build.0 = Release|Any CPU
		{EB6EA319-F5A7-4D57-8A61-A56572180C37}.Debug|Any CPU.ActiveCfg = Debug|Any CPU
		{EB6EA319-F5A7-4D57-8A61-A56572180C37}.Debug|Any CPU.Build.0 = Debug|Any CPU
		{EB6EA319-F5A7-4D57-8A61-A56572180C37}.Release|Any CPU.ActiveCfg = Release|Any CPU
		{EB6EA319-F5A7-4D57-8A61-A56572180C37}.Release|Any CPU.Build.0 = Release|Any CPU
		{E3B16081-AADA-40CD-A5AF-5B190CD46494}.Debug|Any CPU.ActiveCfg = Debug|Any CPU
		{E3B16081-AADA-40CD-A5AF-5B190CD46494}.Debug|Any CPU.Build.0 = Debug|Any CPU
		{E3B16081-AADA-40CD-A5AF-5B190CD46494}.Release|Any CPU.ActiveCfg = Release|Any CPU
		{E3B16081-AADA-40CD-A5AF-5B190CD46494}.Release|Any CPU.Build.0 = Release|Any CPU
		{BB887ACE-B4C6-4A32-8674-95917C21196C}.Debug|Any CPU.ActiveCfg = Debug|Any CPU
		{BB887ACE-B4C6-4A32-8674-95917C21196C}.Debug|Any CPU.Build.0 = Debug|Any CPU
		{BB887ACE-B4C6-4A32-8674-95917C21196C}.Release|Any CPU.ActiveCfg = Release|Any CPU
		{BB887ACE-B4C6-4A32-8674-95917C21196C}.Release|Any CPU.Build.0 = Release|Any CPU
		{8A2A6A00-BB3A-4E90-82C0-F97DE4C03FE5}.Debug|Any CPU.ActiveCfg = Debug|Any CPU
		{8A2A6A00-BB3A-4E90-82C0-F97DE4C03FE5}.Debug|Any CPU.Build.0 = Debug|Any CPU
		{8A2A6A00-BB3A-4E90-82C0-F97DE4C03FE5}.Release|Any CPU.ActiveCfg = Release|Any CPU
		{8A2A6A00-BB3A-4E90-82C0-F97DE4C03FE5}.Release|Any CPU.Build.0 = Release|Any CPU
		{A2552DCC-8BEE-47BA-8606-EE5F2435F942}.Debug|Any CPU.ActiveCfg = Debug|Any CPU
		{A2552DCC-8BEE-47BA-8606-EE5F2435F942}.Debug|Any CPU.Build.0 = Debug|Any CPU
		{A2552DCC-8BEE-47BA-8606-EE5F2435F942}.Release|Any CPU.ActiveCfg = Release|Any CPU
		{A2552DCC-8BEE-47BA-8606-EE5F2435F942}.Release|Any CPU.Build.0 = Release|Any CPU
		{BEC00C35-5DDE-4436-B075-8B0DBB30A3A0}.Debug|Any CPU.ActiveCfg = Debug|Any CPU
		{BEC00C35-5DDE-4436-B075-8B0DBB30A3A0}.Debug|Any CPU.Build.0 = Debug|Any CPU
		{BEC00C35-5DDE-4436-B075-8B0DBB30A3A0}.Release|Any CPU.ActiveCfg = Release|Any CPU
		{BEC00C35-5DDE-4436-B075-8B0DBB30A3A0}.Release|Any CPU.Build.0 = Release|Any CPU
		{B8372C19-4CA4-43C9-B21C-E2AC8A219BBA}.Debug|Any CPU.ActiveCfg = Debug|Any CPU
		{B8372C19-4CA4-43C9-B21C-E2AC8A219BBA}.Debug|Any CPU.Build.0 = Debug|Any CPU
		{B8372C19-4CA4-43C9-B21C-E2AC8A219BBA}.Release|Any CPU.ActiveCfg = Release|Any CPU
		{B8372C19-4CA4-43C9-B21C-E2AC8A219BBA}.Release|Any CPU.Build.0 = Release|Any CPU
		{CC6C1892-EB6B-4264-A123-BF7C34F03AFD}.Debug|Any CPU.ActiveCfg = Debug|Any CPU
		{CC6C1892-EB6B-4264-A123-BF7C34F03AFD}.Debug|Any CPU.Build.0 = Debug|Any CPU
		{CC6C1892-EB6B-4264-A123-BF7C34F03AFD}.Release|Any CPU.ActiveCfg = Release|Any CPU
		{CC6C1892-EB6B-4264-A123-BF7C34F03AFD}.Release|Any CPU.Build.0 = Release|Any CPU
		{93B057E1-A3EE-4B0C-9497-E9C2E5839DDE}.Debug|Any CPU.ActiveCfg = Debug|Any CPU
		{93B057E1-A3EE-4B0C-9497-E9C2E5839DDE}.Debug|Any CPU.Build.0 = Debug|Any CPU
		{93B057E1-A3EE-4B0C-9497-E9C2E5839DDE}.Release|Any CPU.ActiveCfg = Release|Any CPU
		{93B057E1-A3EE-4B0C-9497-E9C2E5839DDE}.Release|Any CPU.Build.0 = Release|Any CPU
		{ABB5EDA8-3ED3-4B22-953B-82B46544864E}.Debug|Any CPU.ActiveCfg = Debug|Any CPU
		{ABB5EDA8-3ED3-4B22-953B-82B46544864E}.Debug|Any CPU.Build.0 = Debug|Any CPU
		{ABB5EDA8-3ED3-4B22-953B-82B46544864E}.Release|Any CPU.ActiveCfg = Release|Any CPU
		{ABB5EDA8-3ED3-4B22-953B-82B46544864E}.Release|Any CPU.Build.0 = Release|Any CPU
		{4C8B3C5A-6753-4887-A6A4-06BC25C42119}.Debug|Any CPU.ActiveCfg = Debug|Any CPU
		{4C8B3C5A-6753-4887-A6A4-06BC25C42119}.Debug|Any CPU.Build.0 = Debug|Any CPU
		{4C8B3C5A-6753-4887-A6A4-06BC25C42119}.Release|Any CPU.ActiveCfg = Release|Any CPU
		{4C8B3C5A-6753-4887-A6A4-06BC25C42119}.Release|Any CPU.Build.0 = Release|Any CPU
	EndGlobalSection
EndGlobal
